
Microsoft Visual Studio Solution File, Format Version 12.00
# Visual Studio Version 17
VisualStudioVersion = 17.4.33213.308
MinimumVisualStudioVersion = 10.0.40219.1
Project("{FAE04EC0-301F-11D3-BF4B-00C04F79EFBC}") = "BulkyBookWeb", "BulkyBookWeb\BulkyBookWeb.csproj", "{779E5053-D0C8-4229-8A44-65777B233CE3}"
EndProject
Global
	GlobalSection(SolutionConfigurationPlatforms) = preSolution
		Debug|Any CPU = Debug|Any CPU
		Release|Any CPU = Release|Any CPU
	EndGlobalSection
	GlobalSection(ProjectConfigurationPlatforms) = postSolution
		{779E5053-D0C8-4229-8A44-65777B233CE3}.Debug|Any CPU.ActiveCfg = Debug|Any CPU
		{779E5053-D0C8-4229-8A44-65777B233CE3}.Debug|Any CPU.Build.0 = Debug|Any CPU
		{779E5053-D0C8-4229-8A44-65777B233CE3}.Release|Any CPU.ActiveCfg = Release|Any CPU
		{779E5053-D0C8-4229-8A44-65777B233CE3}.Release|Any CPU.Build.0 = Release|Any CPU
	EndGlobalSection
	GlobalSection(SolutionProperties) = preSolution
		HideSolutionNode = FALSE
	EndGlobalSection
	GlobalSection(ExtensibilityGlobals) = postSolution
		SolutionGuid = {F05130DB-3DC2-4C71-B839-281B22CE2D9B}
	EndGlobalSection
EndGlobal
